
Microsoft Visual Studio Solution File, Format Version 12.00
# Visual Studio Version 17
VisualStudioVersion = 17.14.36310.24 d17.14
MinimumVisualStudioVersion = 10.0.40219.1
Project("{FAE04EC0-301F-11D3-BF4B-00C04F79EFBC}") = "ECommerce.API", "ECommerce.API\ECommerce.API.csproj", "{43A72EFD-A629-410B-8DBA-00D042FEC39C}"
	ProjectSection(ProjectDependencies) = postProject
		{62F8805A-3955-48B8-96B1-E538C6EB33E4} = {62F8805A-3955-48B8-96B1-E538C6EB33E4}
		{E70FAB40-4A26-470E-963D-066A08FCF102} = {E70FAB40-4A26-470E-963D-066A08FCF102}
	EndProjectSection
EndProject
Project("{FAE04EC0-301F-11D3-BF4B-00C04F79EFBC}") = "eCommerce.Core", "eCommerce.Core\eCommerce.Core.csproj", "{E70FAB40-4A26-470E-963D-066A08FCF102}"
EndProject
Project("{FAE04EC0-301F-11D3-BF4B-00C04F79EFBC}") = "eCommerce.Infrastructure", "eCommerce.Infrastructure\eCommerce.Infrastructure.csproj", "{62F8805A-3955-48B8-96B1-E538C6EB33E4}"
	ProjectSection(ProjectDependencies) = postProject
		{E70FAB40-4A26-470E-963D-066A08FCF102} = {E70FAB40-4A26-470E-963D-066A08FCF102}
	EndProjectSection
EndProject
Global
	GlobalSection(SolutionConfigurationPlatforms) = preSolution
		Debug|Any CPU = Debug|Any CPU
		Release|Any CPU = Release|Any CPU
	EndGlobalSection
	GlobalSection(ProjectConfigurationPlatforms) = postSolution
		{43A72EFD-A629-410B-8DBA-00D042FEC39C}.Debug|Any CPU.ActiveCfg = Debug|Any CPU
		{43A72EFD-A629-410B-8DBA-00D042FEC39C}.Debug|Any CPU.Build.0 = Debug|Any CPU
		{43A72EFD-A629-410B-8DBA-00D042FEC39C}.Release|Any CPU.ActiveCfg = Release|Any CPU
		{43A72EFD-A629-410B-8DBA-00D042FEC39C}.Release|Any CPU.Build.0 = Release|Any CPU
		{E70FAB40-4A26-470E-963D-066A08FCF102}.Debug|Any CPU.ActiveCfg = Debug|Any CPU
		{E70FAB40-4A26-470E-963D-066A08FCF102}.Debug|Any CPU.Build.0 = Debug|Any CPU
		{E70FAB40-4A26-470E-963D-066A08FCF102}.Release|Any CPU.ActiveCfg = Release|Any CPU
		{E70FAB40-4A26-470E-963D-066A08FCF102}.Release|Any CPU.Build.0 = Release|Any CPU
		{62F8805A-3955-48B8-96B1-E538C6EB33E4}.Debug|Any CPU.ActiveCfg = Debug|Any CPU
		{62F8805A-3955-48B8-96B1-E538C6EB33E4}.Debug|Any CPU.Build.0 = Debug|Any CPU
		{62F8805A-3955-48B8-96B1-E538C6EB33E4}.Release|Any CPU.ActiveCfg = Release|Any CPU
		{62F8805A-3955-48B8-96B1-E538C6EB33E4}.Release|Any CPU.Build.0 = Release|Any CPU
	EndGlobalSection
	GlobalSection(SolutionProperties) = preSolution
		HideSolutionNode = FALSE
	EndGlobalSection
	GlobalSection(ExtensibilityGlobals) = postSolution
		SolutionGuid = {76CD7690-C820-491A-AB14-AF9389270A8A}
	EndGlobalSection
EndGlobal
